
Microsoft Visual Studio Solution File, Format Version 12.00
# Visual Studio Version 16
VisualStudioVersion = 16.0.30128.74
MinimumVisualStudioVersion = 10.0.40219.1
Project("{FAE04EC0-301F-11D3-BF4B-00C04F79EFBC}") = "ScreenAreaCapture", "WindowsFormsApp1\ScreenAreaCapture.csproj", "{A33AAE8A-8A26-4C03-BBD7-A8AF2B558A01}"
EndProject
Project("{FAE04EC0-301F-11D3-BF4B-00C04F79EFBC}") = "ScreenAreaShare", "ScreenAreaShare\ScreenAreaShare.csproj", "{887983F0-EAE7-4CBE-AF25-12982DC9E4CD}"
EndProject
Global
	GlobalSection(SolutionConfigurationPlatforms) = preSolution
		Debug|Any CPU = Debug|Any CPU
		Release|Any CPU = Release|Any CPU
	EndGlobalSection
	GlobalSection(ProjectConfigurationPlatforms) = postSolution
		{A33AAE8A-8A26-4C03-BBD7-A8AF2B558A01}.Debug|Any CPU.ActiveCfg = Debug|Any CPU
		{A33AAE8A-8A26-4C03-BBD7-A8AF2B558A01}.Debug|Any CPU.Build.0 = Debug|Any CPU
		{A33AAE8A-8A26-4C03-BBD7-A8AF2B558A01}.Release|Any CPU.ActiveCfg = Release|Any CPU
		{A33AAE8A-8A26-4C03-BBD7-A8AF2B558A01}.Release|Any CPU.Build.0 = Release|Any CPU
		{887983F0-EAE7-4CBE-AF25-12982DC9E4CD}.Debug|Any CPU.ActiveCfg = Debug|Any CPU
		{887983F0-EAE7-4CBE-AF25-12982DC9E4CD}.Debug|Any CPU.Build.0 = Debug|Any CPU
		{887983F0-EAE7-4CBE-AF25-12982DC9E4CD}.Release|Any CPU.ActiveCfg = Release|Any CPU
		{887983F0-EAE7-4CBE-AF25-12982DC9E4CD}.Release|Any CPU.Build.0 = Release|Any CPU
	EndGlobalSection
	GlobalSection(SolutionProperties) = preSolution
		HideSolutionNode = FALSE
	EndGlobalSection
	GlobalSection(ExtensibilityGlobals) = postSolution
		SolutionGuid = {DE55A124-38B4-4DA4-B786-9C8405A427E6}
	EndGlobalSection
EndGlobal
